
Microsoft Visual Studio Solution File, Format Version 12.00
# Visual Studio 2012
Project("{FAE04EC0-301F-11D3-BF4B-00C04F79EFBC}") = "WaveLoading", "WaveLoading\WaveLoading.csproj", "{69D757EB-D254-432D-966E-174E8AD4F86B}"
EndProject
Project("{FAE04EC0-301F-11D3-BF4B-00C04F79EFBC}") = "Sample", "Sample\Sample.csproj", "{107DA141-928A-48EE-8B6E-E7DBC764B109}"
EndProject
Global
	GlobalSection(SolutionConfigurationPlatforms) = preSolution
		Debug|Any CPU = Debug|Any CPU
		Release|Any CPU = Release|Any CPU
	EndGlobalSection
	GlobalSection(ProjectConfigurationPlatforms) = postSolution
		{69D757EB-D254-432D-966E-174E8AD4F86B}.Debug|Any CPU.ActiveCfg = Debug|Any CPU
		{69D757EB-D254-432D-966E-174E8AD4F86B}.Debug|Any CPU.Build.0 = Debug|Any CPU
		{69D757EB-D254-432D-966E-174E8AD4F86B}.Release|Any CPU.ActiveCfg = Release|Any CPU
		{69D757EB-D254-432D-966E-174E8AD4F86B}.Release|Any CPU.Build.0 = Release|Any CPU
		{107DA141-928A-48EE-8B6E-E7DBC764B109}.Debug|Any CPU.ActiveCfg = Debug|Any CPU
		{107DA141-928A-48EE-8B6E-E7DBC764B109}.Debug|Any CPU.Build.0 = Debug|Any CPU
		{107DA141-928A-48EE-8B6E-E7DBC764B109}.Debug|Any CPU.Deploy.0 = Debug|Any CPU
		{107DA141-928A-48EE-8B6E-E7DBC764B109}.Release|Any CPU.ActiveCfg = Release|Any CPU
		{107DA141-928A-48EE-8B6E-E7DBC764B109}.Release|Any CPU.Build.0 = Release|Any CPU
		{107DA141-928A-48EE-8B6E-E7DBC764B109}.Release|Any CPU.Deploy.0 = Release|Any CPU
	EndGlobalSection
	GlobalSection(SolutionProperties) = preSolution
		HideSolutionNode = FALSE
	EndGlobalSection
EndGlobal
